
Microsoft Visual Studio Solution File, Format Version 12.00
# Visual Studio Version 17
VisualStudioVersion = 17.5.33516.290
MinimumVisualStudioVersion = 10.0.40219.1
Project("{FAE04EC0-301F-11D3-BF4B-00C04F79EFBC}") = "CV_Maker", "CV_Maker\CV_Maker.csproj", "{041542C3-2CFB-4A10-BA3B-95D893645050}"
EndProject
Global
	GlobalSection(SolutionConfigurationPlatforms) = preSolution
		Debug|Any CPU = Debug|Any CPU
		Release|Any CPU = Release|Any CPU
	EndGlobalSection
	GlobalSection(ProjectConfigurationPlatforms) = postSolution
		{041542C3-2CFB-4A10-BA3B-95D893645050}.Debug|Any CPU.ActiveCfg = Debug|Any CPU
		{041542C3-2CFB-4A10-BA3B-95D893645050}.Debug|Any CPU.Build.0 = Debug|Any CPU
		{041542C3-2CFB-4A10-BA3B-95D893645050}.Release|Any CPU.ActiveCfg = Release|Any CPU
		{041542C3-2CFB-4A10-BA3B-95D893645050}.Release|Any CPU.Build.0 = Release|Any CPU
	EndGlobalSection
	GlobalSection(SolutionProperties) = preSolution
		HideSolutionNode = FALSE
	EndGlobalSection
	GlobalSection(ExtensibilityGlobals) = postSolution
		SolutionGuid = {D16F32D2-056E-4AFB-9B63-F4097823938F}
	EndGlobalSection
EndGlobal
